<?xml version="1.0" encoding="UTF-8" standalone="yes" ?>
<CodeBlocks_project_file>
	<FileVersion major="1" minor="6" />
	<Project>
		<Option title="AoTK_Unix" />
		<Option pch_mode="2" />
		<Option compiler="mingw" />
		<Build>
			<Target title="Debug">
				<Option output="bin/Debug/libAoTK" prefix_auto="1" extension_auto="1" />
				<Option working_dir="" />
				<Option object_output="obj/Debug/" />
				<Option type="2" />
				<Option compiler="gcc" />
				<Compiler>
					<Add option="-g" />
					<Add option="-DDEBUG" />
				</Compiler>
			</Target>
			<Target title="Release">
				<Option output="bin/Release/libAoTK" prefix_auto="1" extension_auto="1" />
				<Option working_dir="" />
				<Option object_output="obj/Release/" />
				<Option type="2" />
				<Option compiler="mingw" />
				<Linker>
					<Add option="-s" />
				</Linker>
			</Target>
		</Build>
		<Compiler>
			<Add option="-Wshadow" />
			<Add option="-Wredundant-decls" />
			<Add option="-Wfloat-equal" />
			<Add option="-Wmissing-declarations" />
			<Add option="-Wswitch-enum" />
			<Add option="-Wswitch-default" />
			<Add option="-std=c++0x" />
			<Add option="-Wall" />
			<Add directory="include" />
		</Compiler>
		<Linker>
			<Add library="libopengl32.a" />
			<Add library="gdi32" />
			<Add library="kernel32" />
			<Add library="user32" />
		</Linker>
		<Unit filename="include/AoTK/aotk.h" />
		<Unit filename="include/AoTK/externals/glew.h" />
		<Unit filename="include/AoTK/externals/glxew.h" />
		<Unit filename="include/AoTK/externals/wglew.h" />
		<Unit filename="include/AoTK/fbo.h" />
		<Unit filename="include/AoTK/geometry.h" />
		<Unit filename="include/AoTK/geometry/line.hpp" />
		<Unit filename="include/AoTK/geometry/plane.hpp" />
		<Unit filename="include/AoTK/geometry/ray.hpp" />
		<Unit filename="include/AoTK/geometry/sphere.hpp" />
		<Unit filename="include/AoTK/image.h" />
		<Unit filename="include/AoTK/img/Image.hpp" />
		<Unit filename="include/AoTK/img/Image_BMP.hpp" />
		<Unit filename="include/AoTK/img/Image_Filters.hpp" />
		<Unit filename="include/AoTK/img/Image_GIF.hpp" />
		<Unit filename="include/AoTK/img/Image_GL.hpp" />
		<Unit filename="include/AoTK/img/Image_JPG.hpp" />
		<Unit filename="include/AoTK/img/Image_PNG.hpp" />
		<Unit filename="include/AoTK/img/Image_Static_Functions.hpp" />
		<Unit filename="include/AoTK/img/Image_double.hpp" />
		<Unit filename="include/AoTK/img/Image_float.hpp" />
		<Unit filename="include/AoTK/img/Image_uint8.hpp" />
		<Unit filename="include/AoTK/img/image.h" />
		<Unit filename="include/AoTK/math.h" />
		<Unit filename="include/AoTK/math/matrix.hpp" />
		<Unit filename="include/AoTK/math/matrix4x4.hpp" />
		<Unit filename="include/AoTK/math/vector2.hpp" />
		<Unit filename="include/AoTK/math/vector3.hpp" />
		<Unit filename="include/AoTK/math/vector4.hpp" />
		<Unit filename="include/AoTK/mesh.h" />
		<Unit filename="include/AoTK/shader.h" />
		<Unit filename="include/AoTK/window/listeners.h" />
		<Unit filename="include/AoTK/window/window.h" />
		<Unit filename="include/AoTK/window_handler.h" />
		<Unit filename="src/externals/glew.c">
			<Option compilerVar="CC" />
		</Unit>
		<Unit filename="src/fbo.cpp" />
		<Unit filename="src/mesh/mesh.cpp" />
		<Unit filename="src/shader.cpp" />
		<Unit filename="src/window/window.cpp" />
		<Unit filename="src/window/window_glut.cpp" />
		<Unit filename="src/window/window_unix.cpp" />
		<Unit filename="src/window/window_win.cpp" />
		<Extensions>
			<code_completion />
			<debugger />
		</Extensions>
	</Project>
</CodeBlocks_project_file>
